
Microsoft Visual Studio Solution File, Format Version 12.00
# Visual Studio 15
VisualStudioVersion = 15.0.27703.2035
MinimumVisualStudioVersion = 10.0.40219.1
Project("{FAE04EC0-301F-11D3-BF4B-00C04F79EFBC}") = "graduate", "graduate\graduate.csproj", "{147D264E-9C2B-453E-A256-8F61A7BF031E}"
EndProject
Global
	GlobalSection(SolutionConfigurationPlatforms) = preSolution
		Debug|Any CPU = Debug|Any CPU
		Release|Any CPU = Release|Any CPU
	EndGlobalSection
	GlobalSection(ProjectConfigurationPlatforms) = postSolution
		{147D264E-9C2B-453E-A256-8F61A7BF031E}.Debug|Any CPU.ActiveCfg = Debug|Any CPU
		{147D264E-9C2B-453E-A256-8F61A7BF031E}.Debug|Any CPU.Build.0 = Debug|Any CPU
		{147D264E-9C2B-453E-A256-8F61A7BF031E}.Release|Any CPU.ActiveCfg = Release|Any CPU
		{147D264E-9C2B-453E-A256-8F61A7BF031E}.Release|Any CPU.Build.0 = Release|Any CPU
	EndGlobalSection
	GlobalSection(SolutionProperties) = preSolution
		HideSolutionNode = FALSE
	EndGlobalSection
	GlobalSection(ExtensibilityGlobals) = postSolution
		SolutionGuid = {F289F084-2D9B-4053-9F46-B5D9B2B6B5E5}
	EndGlobalSection
EndGlobal
